---
lockVersion: 1.0.0
dependencies:
  codeql/cpp-all:
    version: 1.1.0
  codeql/dataflow:
    version: 1.0.1
  codeql/mad:
    version: 1.0.1
  codeql/rangeanalysis:
    version: 1.0.1
  codeql/ssa:
    version: 1.0.1
  codeql/tutorial:
    version: 1.0.1
  codeql/typeflow:
    version: 1.0.1
  codeql/typetracking:
    version: 1.0.1
  codeql/util:
    version: 1.0.1
  codeql/xml:
    version: 1.0.1
compiled: false
